// !$*UTF8*$!
{
	archiveVersion = 1;
	classes = {
	};
	objectVersion = 51;
	objects = {

/* Begin PBXBuildFile section */
		2362D0F538DEAACDCC4D0D12 /* (null) in Frameworks */ = {isa = PBXBuildFile; };
		268457A322D4C86300A6D393 /* LandingViewController.swift in Sources */ = {isa = PBXBuildFile; fileRef = 268457A122D4C86300A6D393 /* LandingViewController.swift */; };
		268457A422D4C86300A6D393 /* LandingViewController.xib in Resources */ = {isa = PBXBuildFile; fileRef = 268457A222D4C86300A6D393 /* LandingViewController.xib */; };
		268457A822D4D52800A6D393 /* LandingButtonView.swift in Sources */ = {isa = PBXBuildFile; fileRef = 268457A722D4D52800A6D393 /* LandingButtonView.swift */; };
		268457AB22D5E08400A6D393 /* UINavigationController+NavBar.swift in Sources */ = {isa = PBXBuildFile; fileRef = 268457AA22D5E08400A6D393 /* UINavigationController+NavBar.swift */; };
		268457AD22D5F5C200A6D393 /* CustomButton.swift in Sources */ = {isa = PBXBuildFile; fileRef = 268457AC22D5F5C200A6D393 /* CustomButton.swift */; };
		268457AF22D6027E00A6D393 /* UIColor+Custom.swift in Sources */ = {isa = PBXBuildFile; fileRef = 268457AE22D6027E00A6D393 /* UIColor+Custom.swift */; };
		268457B222D619AD00A6D393 /* LandingPresenter.swift in Sources */ = {isa = PBXBuildFile; fileRef = 268457B122D619AD00A6D393 /* LandingPresenter.swift */; };
		268457B622D6202700A6D393 /* SpinnerView.swift in Sources */ = {isa = PBXBuildFile; fileRef = 268457B522D6202700A6D393 /* SpinnerView.swift */; };
		4E6E489D22D4A45100D3185F /* AppDelegate.swift in Sources */ = {isa = PBXBuildFile; fileRef = 4E6E489C22D4A45100D3185F /* AppDelegate.swift */; };
		4E6E489F22D4A45100D3185F /* ViewController.swift in Sources */ = {isa = PBXBuildFile; fileRef = 4E6E489E22D4A45100D3185F /* ViewController.swift */; };
		4E6E48A222D4A45100D3185F /* Main.storyboard in Resources */ = {isa = PBXBuildFile; fileRef = 4E6E48A022D4A45100D3185F /* Main.storyboard */; };
		4E6E48A422D4A45200D3185F /* Assets.xcassets in Resources */ = {isa = PBXBuildFile; fileRef = 4E6E48A322D4A45200D3185F /* Assets.xcassets */; };
		4E6E48A722D4A45200D3185F /* LaunchScreen.storyboard in Resources */ = {isa = PBXBuildFile; fileRef = 4E6E48A522D4A45200D3185F /* LaunchScreen.storyboard */; };
		4E6E48B222D4A45200D3185F /* HackatonCarsharingTests.swift in Sources */ = {isa = PBXBuildFile; fileRef = 4E6E48B122D4A45200D3185F /* HackatonCarsharingTests.swift */; };
		4E6E48BD22D4A45200D3185F /* HackatonCarsharingUITests.swift in Sources */ = {isa = PBXBuildFile; fileRef = 4E6E48BC22D4A45200D3185F /* HackatonCarsharingUITests.swift */; };
		4E6E48CE22D4A59200D3185F /* APIError.swift in Sources */ = {isa = PBXBuildFile; fileRef = 4E6E48CB22D4A59200D3185F /* APIError.swift */; };
		4E6E48CF22D4A59200D3185F /* APISession.swift in Sources */ = {isa = PBXBuildFile; fileRef = 4E6E48CC22D4A59200D3185F /* APISession.swift */; };
		4E6E48D022D4A59200D3185F /* APIRequest.swift in Sources */ = {isa = PBXBuildFile; fileRef = 4E6E48CD22D4A59200D3185F /* APIRequest.swift */; };
		4EC2F90222D5D31C00128222 /* CustomTextField.swift in Sources */ = {isa = PBXBuildFile; fileRef = 4EC2F90122D5D31C00128222 /* CustomTextField.swift */; };
		4EC2F90422D5E72C00128222 /* DropdownCustomTextField.swift in Sources */ = {isa = PBXBuildFile; fileRef = 4EC2F90322D5E72B00128222 /* DropdownCustomTextField.swift */; };
		4EC2F90622D6005300128222 /* CreateTripsRequest.swift in Sources */ = {isa = PBXBuildFile; fileRef = 4EC2F90522D6005300128222 /* CreateTripsRequest.swift */; };
		4EC2F90822D62AC700128222 /* UIViewController+Loader.swift in Sources */ = {isa = PBXBuildFile; fileRef = 4EC2F90722D62AC700128222 /* UIViewController+Loader.swift */; };
		4ECADF5122D4AA3B005E8E89 /* Trip.swift in Sources */ = {isa = PBXBuildFile; fileRef = 4ECADF5022D4AA3B005E8E89 /* Trip.swift */; };
		4ECADF5422D4AC7C005E8E89 /* DateFormatter+TripFormatter.swift in Sources */ = {isa = PBXBuildFile; fileRef = 4ECADF5322D4AC7C005E8E89 /* DateFormatter+TripFormatter.swift */; };
		4ECADF5722D4B45A005E8E89 /* GetTripsRequest.swift in Sources */ = {isa = PBXBuildFile; fileRef = 4ECADF5622D4B45A005E8E89 /* GetTripsRequest.swift */; };
		4ECADF5B22D4E40F005E8E89 /* Assembler.swift in Sources */ = {isa = PBXBuildFile; fileRef = 4ECADF5A22D4E40F005E8E89 /* Assembler.swift */; };
		4ECADF5D22D4E457005E8E89 /* Assembler+ProvideLanding.swift in Sources */ = {isa = PBXBuildFile; fileRef = 4ECADF5C22D4E457005E8E89 /* Assembler+ProvideLanding.swift */; };
		4ECADF6322D4E58A005E8E89 /* CreateTicketViewController.swift in Sources */ = {isa = PBXBuildFile; fileRef = 4ECADF6122D4E58A005E8E89 /* CreateTicketViewController.swift */; };
		4ECADF6422D4E58A005E8E89 /* CreateTicketViewController.xib in Resources */ = {isa = PBXBuildFile; fileRef = 4ECADF6222D4E58A005E8E89 /* CreateTicketViewController.xib */; };
		4ECADF6622D4E5CA005E8E89 /* CreateTicketPresenter.swift in Sources */ = {isa = PBXBuildFile; fileRef = 4ECADF6522D4E5CA005E8E89 /* CreateTicketPresenter.swift */; };
		4ECADF6822D4E65F005E8E89 /* Assembler+ProvideCreateTicket.swift in Sources */ = {isa = PBXBuildFile; fileRef = 4ECADF6722D4E65F005E8E89 /* Assembler+ProvideCreateTicket.swift */; };
		68E3464A6D331EC6D6FBFEF8 /* (null) in Frameworks */ = {isa = PBXBuildFile; };
		7DA36B1322D4D06F005A1BCE /* ConfirmationViewController.xib in Resources */ = {isa = PBXBuildFile; fileRef = 7DA36B1222D4D06F005A1BCE /* ConfirmationViewController.xib */; };
		7DA36B1522D4D1B9005A1BCE /* ConfirmationViewController.swift in Sources */ = {isa = PBXBuildFile; fileRef = 7DA36B1422D4D1B9005A1BCE /* ConfirmationViewController.swift */; };
		7DA36B1722D4D1F3005A1BCE /* ConfirmationPresenter.swift in Sources */ = {isa = PBXBuildFile; fileRef = 7DA36B1622D4D1F3005A1BCE /* ConfirmationPresenter.swift */; };
		7DA36B1922D5349D005A1BCE /* ConfirmationPresenterProtocol.swift in Sources */ = {isa = PBXBuildFile; fileRef = 7DA36B1822D5349D005A1BCE /* ConfirmationPresenterProtocol.swift */; };
		7DA36B1B22D53B0D005A1BCE /* Assembler+ProvideConfirmation.swift in Sources */ = {isa = PBXBuildFile; fileRef = 7DA36B1A22D53B0D005A1BCE /* Assembler+ProvideConfirmation.swift */; };
		7DA36B1E22D540CA005A1BCE /* String+Custom.swift in Sources */ = {isa = PBXBuildFile; fileRef = 7DA36B1D22D540CA005A1BCE /* String+Custom.swift */; };
		7DA36B2322D5D8C0005A1BCE /* ListTripsViewController.swift in Sources */ = {isa = PBXBuildFile; fileRef = 7DA36B2122D5D8C0005A1BCE /* ListTripsViewController.swift */; };
		7DA36B2422D5D8C0005A1BCE /* ListTripsViewController.xib in Resources */ = {isa = PBXBuildFile; fileRef = 7DA36B2222D5D8C0005A1BCE /* ListTripsViewController.xib */; };
		7DA36B2622D5D8D5005A1BCE /* Assembler+ProvideTripsList.swift in Sources */ = {isa = PBXBuildFile; fileRef = 7DA36B2522D5D8D5005A1BCE /* Assembler+ProvideTripsList.swift */; };
		7DA36B2A22D5D961005A1BCE /* TripCell.swift in Sources */ = {isa = PBXBuildFile; fileRef = 7DA36B2822D5D961005A1BCE /* TripCell.swift */; };
		7DA36B2B22D5D961005A1BCE /* TripCell.xib in Resources */ = {isa = PBXBuildFile; fileRef = 7DA36B2922D5D961005A1BCE /* TripCell.xib */; };
		7DA36B2E22D5DCA6005A1BCE /* AttributeView.swift in Sources */ = {isa = PBXBuildFile; fileRef = 7DA36B2D22D5DCA6005A1BCE /* AttributeView.swift */; };
		7DA36B3022D5DFCC005A1BCE /* TripsListPresenter.swift in Sources */ = {isa = PBXBuildFile; fileRef = 7DA36B2F22D5DFCC005A1BCE /* TripsListPresenter.swift */; };
		7DA36B3222D5FE7F005A1BCE /* Trips.swift in Sources */ = {isa = PBXBuildFile; fileRef = 7DA36B3122D5FE7F005A1BCE /* Trips.swift */; };
		7DA36B3822D61DFB005A1BCE /* RoundedShadowedView.swift in Sources */ = {isa = PBXBuildFile; fileRef = 7DA36B3722D61DFB005A1BCE /* RoundedShadowedView.swift */; };
		7DA36B3C22D630D5005A1BCE /* BookTripRequest.swift in Sources */ = {isa = PBXBuildFile; fileRef = 7DA36B3B22D630D5005A1BCE /* BookTripRequest.swift */; };
		9881DCBFF1EA4464BD5E4147 /* Pods_HackatonCarsharingUITests.framework in Frameworks */ = {isa = PBXBuildFile; fileRef = 531FB29B597C71F1120552F1 /* Pods_HackatonCarsharingUITests.framework */; };
		E763CA8ADC42D73C2654B770 /* Pods_HackatonCarsharing.framework in Frameworks */ = {isa = PBXBuildFile; fileRef = B9416F1EA6F3512B780815DB /* Pods_HackatonCarsharing.framework */; };
		FEBEB2938782469F2DE40F37 /* Pods_HackatonCarsharingTests.framework in Frameworks */ = {isa = PBXBuildFile; fileRef = 55B20044025E838B5CD4D383 /* Pods_HackatonCarsharingTests.framework */; };
/* End PBXBuildFile section */

/* Begin PBXContainerItemProxy section */
		4E6E48AE22D4A45200D3185F /* PBXContainerItemProxy */ = {
			isa = PBXContainerItemProxy;
			containerPortal = 4E6E489122D4A45100D3185F /* Project object */;
			proxyType = 1;
			remoteGlobalIDString = 4E6E489822D4A45100D3185F;
			remoteInfo = HackatonCarsharing;
		};
		4E6E48B922D4A45200D3185F /* PBXContainerItemProxy */ = {
			isa = PBXContainerItemProxy;
			containerPortal = 4E6E489122D4A45100D3185F /* Project object */;
			proxyType = 1;
			remoteGlobalIDString = 4E6E489822D4A45100D3185F;
			remoteInfo = HackatonCarsharing;
		};
/* End PBXContainerItemProxy section */

/* Begin PBXFileReference section */
		268457A122D4C86300A6D393 /* LandingViewController.swift */ = {isa = PBXFileReference; lastKnownFileType = sourcecode.swift; path = LandingViewController.swift; sourceTree = "<group>"; };
		268457A222D4C86300A6D393 /* LandingViewController.xib */ = {isa = PBXFileReference; lastKnownFileType = file.xib; path = LandingViewController.xib; sourceTree = "<group>"; };
		268457A722D4D52800A6D393 /* LandingButtonView.swift */ = {isa = PBXFileReference; lastKnownFileType = sourcecode.swift; path = LandingButtonView.swift; sourceTree = "<group>"; };
		268457AA22D5E08400A6D393 /* UINavigationController+NavBar.swift */ = {isa = PBXFileReference; lastKnownFileType = sourcecode.swift; path = "UINavigationController+NavBar.swift"; sourceTree = "<group>"; };
		268457AC22D5F5C200A6D393 /* CustomButton.swift */ = {isa = PBXFileReference; lastKnownFileType = sourcecode.swift; path = CustomButton.swift; sourceTree = "<group>"; };
		268457AE22D6027E00A6D393 /* UIColor+Custom.swift */ = {isa = PBXFileReference; lastKnownFileType = sourcecode.swift; path = "UIColor+Custom.swift"; sourceTree = "<group>"; };
		268457B122D619AD00A6D393 /* LandingPresenter.swift */ = {isa = PBXFileReference; lastKnownFileType = sourcecode.swift; path = LandingPresenter.swift; sourceTree = "<group>"; };
		268457B522D6202700A6D393 /* SpinnerView.swift */ = {isa = PBXFileReference; lastKnownFileType = sourcecode.swift; path = SpinnerView.swift; sourceTree = "<group>"; };
		287007D8BDBAE2ED436EB5E4 /* Pods-HackatonCarsharing.debug.xcconfig */ = {isa = PBXFileReference; includeInIndex = 1; lastKnownFileType = text.xcconfig; name = "Pods-HackatonCarsharing.debug.xcconfig"; path = "Target Support Files/Pods-HackatonCarsharing/Pods-HackatonCarsharing.debug.xcconfig"; sourceTree = "<group>"; };
		2BC2AF93AF613DA6E2548E1F /* Pods-HackatonCarsharingUITests.release.xcconfig */ = {isa = PBXFileReference; includeInIndex = 1; lastKnownFileType = text.xcconfig; name = "Pods-HackatonCarsharingUITests.release.xcconfig"; path = "Target Support Files/Pods-HackatonCarsharingUITests/Pods-HackatonCarsharingUITests.release.xcconfig"; sourceTree = "<group>"; };
		4E6E489922D4A45100D3185F /* HackatonCarsharing.app */ = {isa = PBXFileReference; explicitFileType = wrapper.application; includeInIndex = 0; path = HackatonCarsharing.app; sourceTree = BUILT_PRODUCTS_DIR; };
		4E6E489C22D4A45100D3185F /* AppDelegate.swift */ = {isa = PBXFileReference; lastKnownFileType = sourcecode.swift; path = AppDelegate.swift; sourceTree = "<group>"; };
		4E6E489E22D4A45100D3185F /* ViewController.swift */ = {isa = PBXFileReference; lastKnownFileType = sourcecode.swift; path = ViewController.swift; sourceTree = "<group>"; };
		4E6E48A122D4A45100D3185F /* Base */ = {isa = PBXFileReference; lastKnownFileType = file.storyboard; name = Base; path = Base.lproj/Main.storyboard; sourceTree = "<group>"; };
		4E6E48A322D4A45200D3185F /* Assets.xcassets */ = {isa = PBXFileReference; lastKnownFileType = folder.assetcatalog; path = Assets.xcassets; sourceTree = "<group>"; };
		4E6E48A622D4A45200D3185F /* Base */ = {isa = PBXFileReference; lastKnownFileType = file.storyboard; name = Base; path = Base.lproj/LaunchScreen.storyboard; sourceTree = "<group>"; };
		4E6E48A822D4A45200D3185F /* Info.plist */ = {isa = PBXFileReference; lastKnownFileType = text.plist.xml; path = Info.plist; sourceTree = "<group>"; };
		4E6E48AD22D4A45200D3185F /* HackatonCarsharingTests.xctest */ = {isa = PBXFileReference; explicitFileType = wrapper.cfbundle; includeInIndex = 0; path = HackatonCarsharingTests.xctest; sourceTree = BUILT_PRODUCTS_DIR; };
		4E6E48B122D4A45200D3185F /* HackatonCarsharingTests.swift */ = {isa = PBXFileReference; lastKnownFileType = sourcecode.swift; path = HackatonCarsharingTests.swift; sourceTree = "<group>"; };
		4E6E48B322D4A45200D3185F /* Info.plist */ = {isa = PBXFileReference; lastKnownFileType = text.plist.xml; path = Info.plist; sourceTree = "<group>"; };
		4E6E48B822D4A45200D3185F /* HackatonCarsharingUITests.xctest */ = {isa = PBXFileReference; explicitFileType = wrapper.cfbundle; includeInIndex = 0; path = HackatonCarsharingUITests.xctest; sourceTree = BUILT_PRODUCTS_DIR; };
		4E6E48BC22D4A45200D3185F /* HackatonCarsharingUITests.swift */ = {isa = PBXFileReference; lastKnownFileType = sourcecode.swift; path = HackatonCarsharingUITests.swift; sourceTree = "<group>"; };
		4E6E48BE22D4A45200D3185F /* Info.plist */ = {isa = PBXFileReference; lastKnownFileType = text.plist.xml; path = Info.plist; sourceTree = "<group>"; };
		4E6E48CB22D4A59200D3185F /* APIError.swift */ = {isa = PBXFileReference; fileEncoding = 4; lastKnownFileType = sourcecode.swift; path = APIError.swift; sourceTree = "<group>"; };
		4E6E48CC22D4A59200D3185F /* APISession.swift */ = {isa = PBXFileReference; fileEncoding = 4; lastKnownFileType = sourcecode.swift; path = APISession.swift; sourceTree = "<group>"; };
		4E6E48CD22D4A59200D3185F /* APIRequest.swift */ = {isa = PBXFileReference; fileEncoding = 4; lastKnownFileType = sourcecode.swift; path = APIRequest.swift; sourceTree = "<group>"; };
		4EC2F90122D5D31C00128222 /* CustomTextField.swift */ = {isa = PBXFileReference; lastKnownFileType = sourcecode.swift; path = CustomTextField.swift; sourceTree = "<group>"; };
		4EC2F90322D5E72B00128222 /* DropdownCustomTextField.swift */ = {isa = PBXFileReference; lastKnownFileType = sourcecode.swift; path = DropdownCustomTextField.swift; sourceTree = "<group>"; };
		4EC2F90522D6005300128222 /* CreateTripsRequest.swift */ = {isa = PBXFileReference; lastKnownFileType = sourcecode.swift; path = CreateTripsRequest.swift; sourceTree = "<group>"; };
		4EC2F90722D62AC700128222 /* UIViewController+Loader.swift */ = {isa = PBXFileReference; lastKnownFileType = sourcecode.swift; path = "UIViewController+Loader.swift"; sourceTree = "<group>"; };
		4ECADF5022D4AA3B005E8E89 /* Trip.swift */ = {isa = PBXFileReference; lastKnownFileType = sourcecode.swift; path = Trip.swift; sourceTree = "<group>"; };
		4ECADF5322D4AC7C005E8E89 /* DateFormatter+TripFormatter.swift */ = {isa = PBXFileReference; lastKnownFileType = sourcecode.swift; path = "DateFormatter+TripFormatter.swift"; sourceTree = "<group>"; };
		4ECADF5622D4B45A005E8E89 /* GetTripsRequest.swift */ = {isa = PBXFileReference; lastKnownFileType = sourcecode.swift; path = GetTripsRequest.swift; sourceTree = "<group>"; };
		4ECADF5A22D4E40F005E8E89 /* Assembler.swift */ = {isa = PBXFileReference; lastKnownFileType = sourcecode.swift; path = Assembler.swift; sourceTree = "<group>"; };
		4ECADF5C22D4E457005E8E89 /* Assembler+ProvideLanding.swift */ = {isa = PBXFileReference; lastKnownFileType = sourcecode.swift; path = "Assembler+ProvideLanding.swift"; sourceTree = "<group>"; };
		4ECADF6122D4E58A005E8E89 /* CreateTicketViewController.swift */ = {isa = PBXFileReference; lastKnownFileType = sourcecode.swift; path = CreateTicketViewController.swift; sourceTree = "<group>"; };
		4ECADF6222D4E58A005E8E89 /* CreateTicketViewController.xib */ = {isa = PBXFileReference; lastKnownFileType = file.xib; path = CreateTicketViewController.xib; sourceTree = "<group>"; };
		4ECADF6522D4E5CA005E8E89 /* CreateTicketPresenter.swift */ = {isa = PBXFileReference; lastKnownFileType = sourcecode.swift; path = CreateTicketPresenter.swift; sourceTree = "<group>"; };
		4ECADF6722D4E65F005E8E89 /* Assembler+ProvideCreateTicket.swift */ = {isa = PBXFileReference; lastKnownFileType = sourcecode.swift; path = "Assembler+ProvideCreateTicket.swift"; sourceTree = "<group>"; };
		531FB29B597C71F1120552F1 /* Pods_HackatonCarsharingUITests.framework */ = {isa = PBXFileReference; explicitFileType = wrapper.framework; includeInIndex = 0; path = Pods_HackatonCarsharingUITests.framework; sourceTree = BUILT_PRODUCTS_DIR; };
		55B20044025E838B5CD4D383 /* Pods_HackatonCarsharingTests.framework */ = {isa = PBXFileReference; explicitFileType = wrapper.framework; includeInIndex = 0; path = Pods_HackatonCarsharingTests.framework; sourceTree = BUILT_PRODUCTS_DIR; };
		5CBB9F54CB3254698DA9EC88 /* Pods-HackatonCarsharing.release.xcconfig */ = {isa = PBXFileReference; includeInIndex = 1; lastKnownFileType = text.xcconfig; name = "Pods-HackatonCarsharing.release.xcconfig"; path = "Target Support Files/Pods-HackatonCarsharing/Pods-HackatonCarsharing.release.xcconfig"; sourceTree = "<group>"; };
		6626FB411437FA6131ED9421 /* Pods-HackatonCarsharingTests.debug.xcconfig */ = {isa = PBXFileReference; includeInIndex = 1; lastKnownFileType = text.xcconfig; name = "Pods-HackatonCarsharingTests.debug.xcconfig"; path = "Target Support Files/Pods-HackatonCarsharingTests/Pods-HackatonCarsharingTests.debug.xcconfig"; sourceTree = "<group>"; };
		7DA36B1222D4D06F005A1BCE /* ConfirmationViewController.xib */ = {isa = PBXFileReference; lastKnownFileType = file.xib; path = ConfirmationViewController.xib; sourceTree = "<group>"; };
		7DA36B1422D4D1B9005A1BCE /* ConfirmationViewController.swift */ = {isa = PBXFileReference; lastKnownFileType = sourcecode.swift; path = ConfirmationViewController.swift; sourceTree = "<group>"; };
		7DA36B1622D4D1F3005A1BCE /* ConfirmationPresenter.swift */ = {isa = PBXFileReference; lastKnownFileType = sourcecode.swift; path = ConfirmationPresenter.swift; sourceTree = "<group>"; };
		7DA36B1822D5349D005A1BCE /* ConfirmationPresenterProtocol.swift */ = {isa = PBXFileReference; lastKnownFileType = sourcecode.swift; path = ConfirmationPresenterProtocol.swift; sourceTree = "<group>"; };
		7DA36B1A22D53B0D005A1BCE /* Assembler+ProvideConfirmation.swift */ = {isa = PBXFileReference; lastKnownFileType = sourcecode.swift; path = "Assembler+ProvideConfirmation.swift"; sourceTree = "<group>"; };
		7DA36B1D22D540CA005A1BCE /* String+Custom.swift */ = {isa = PBXFileReference; lastKnownFileType = sourcecode.swift; path = "String+Custom.swift"; sourceTree = "<group>"; };
		7DA36B2122D5D8C0005A1BCE /* ListTripsViewController.swift */ = {isa = PBXFileReference; lastKnownFileType = sourcecode.swift; path = ListTripsViewController.swift; sourceTree = "<group>"; };
		7DA36B2222D5D8C0005A1BCE /* ListTripsViewController.xib */ = {isa = PBXFileReference; lastKnownFileType = file.xib; path = ListTripsViewController.xib; sourceTree = "<group>"; };
		7DA36B2522D5D8D5005A1BCE /* Assembler+ProvideTripsList.swift */ = {isa = PBXFileReference; lastKnownFileType = sourcecode.swift; path = "Assembler+ProvideTripsList.swift"; sourceTree = "<group>"; };
		7DA36B2822D5D961005A1BCE /* TripCell.swift */ = {isa = PBXFileReference; lastKnownFileType = sourcecode.swift; path = TripCell.swift; sourceTree = "<group>"; };
		7DA36B2922D5D961005A1BCE /* TripCell.xib */ = {isa = PBXFileReference; lastKnownFileType = file.xib; path = TripCell.xib; sourceTree = "<group>"; };
		7DA36B2D22D5DCA6005A1BCE /* AttributeView.swift */ = {isa = PBXFileReference; lastKnownFileType = sourcecode.swift; path = AttributeView.swift; sourceTree = "<group>"; };
		7DA36B2F22D5DFCC005A1BCE /* TripsListPresenter.swift */ = {isa = PBXFileReference; lastKnownFileType = sourcecode.swift; path = TripsListPresenter.swift; sourceTree = "<group>"; };
		7DA36B3122D5FE7F005A1BCE /* Trips.swift */ = {isa = PBXFileReference; lastKnownFileType = sourcecode.swift; path = Trips.swift; sourceTree = "<group>"; };
		7DA36B3722D61DFB005A1BCE /* RoundedShadowedView.swift */ = {isa = PBXFileReference; lastKnownFileType = sourcecode.swift; path = RoundedShadowedView.swift; sourceTree = "<group>"; };
		7DA36B3B22D630D5005A1BCE /* BookTripRequest.swift */ = {isa = PBXFileReference; lastKnownFileType = sourcecode.swift; path = BookTripRequest.swift; sourceTree = "<group>"; };
		8AA40848D81FCF558DEDFF11 /* Pods-HackatonCarsharingUITests.debug.xcconfig */ = {isa = PBXFileReference; includeInIndex = 1; lastKnownFileType = text.xcconfig; name = "Pods-HackatonCarsharingUITests.debug.xcconfig"; path = "Target Support Files/Pods-HackatonCarsharingUITests/Pods-HackatonCarsharingUITests.debug.xcconfig"; sourceTree = "<group>"; };
		9A908E9DB33A95498E01F21D /* Pods-HackatonCarsharingTests.release.xcconfig */ = {isa = PBXFileReference; includeInIndex = 1; lastKnownFileType = text.xcconfig; name = "Pods-HackatonCarsharingTests.release.xcconfig"; path = "Target Support Files/Pods-HackatonCarsharingTests/Pods-HackatonCarsharingTests.release.xcconfig"; sourceTree = "<group>"; };
		B9416F1EA6F3512B780815DB /* Pods_HackatonCarsharing.framework */ = {isa = PBXFileReference; explicitFileType = wrapper.framework; includeInIndex = 0; path = Pods_HackatonCarsharing.framework; sourceTree = BUILT_PRODUCTS_DIR; };
/* End PBXFileReference section */

/* Begin PBXFrameworksBuildPhase section */
		4E6E489622D4A45100D3185F /* Frameworks */ = {
			isa = PBXFrameworksBuildPhase;
			buildActionMask = 2147483647;
			files = (
				2362D0F538DEAACDCC4D0D12 /* (null) in Frameworks */,
				E763CA8ADC42D73C2654B770 /* Pods_HackatonCarsharing.framework in Frameworks */,
			);
			runOnlyForDeploymentPostprocessing = 0;
		};
		4E6E48AA22D4A45200D3185F /* Frameworks */ = {
			isa = PBXFrameworksBuildPhase;
			buildActionMask = 2147483647;
			files = (
				FEBEB2938782469F2DE40F37 /* Pods_HackatonCarsharingTests.framework in Frameworks */,
			);
			runOnlyForDeploymentPostprocessing = 0;
		};
		4E6E48B522D4A45200D3185F /* Frameworks */ = {
			isa = PBXFrameworksBuildPhase;
			buildActionMask = 2147483647;
			files = (
				68E3464A6D331EC6D6FBFEF8 /* (null) in Frameworks */,
				9881DCBFF1EA4464BD5E4147 /* Pods_HackatonCarsharingUITests.framework in Frameworks */,
			);
			runOnlyForDeploymentPostprocessing = 0;
		};
/* End PBXFrameworksBuildPhase section */

/* Begin PBXGroup section */
		268457A022D4C7C600A6D393 /* Landing */ = {
			isa = PBXGroup;
			children = (
				268457B022D6196800A6D393 /* Present */,
				268457A522D4CA4100A6D393 /* View */,
			);
			path = Landing;
			sourceTree = "<group>";
		};
		268457A522D4CA4100A6D393 /* View */ = {
			isa = PBXGroup;
			children = (
				268457A922D4D6EB00A6D393 /* Custom */,
				268457A122D4C86300A6D393 /* LandingViewController.swift */,
				268457A222D4C86300A6D393 /* LandingViewController.xib */,
			);
			path = View;
			sourceTree = "<group>";
		};
		268457A622D4D1B900A6D393 /* Screens */ = {
			isa = PBXGroup;
			children = (
				7DA36B2022D5D8A6005A1BCE /* TripsList */,
				4ECADF5E22D4E54D005E8E89 /* CreateTrip */,
				7DA36B1122D4D052005A1BCE /* Confirmation */,
				268457A022D4C7C600A6D393 /* Landing */,
			);
			path = Screens;
			sourceTree = "<group>";
		};
		268457A922D4D6EB00A6D393 /* Custom */ = {
			isa = PBXGroup;
			children = (
				268457A722D4D52800A6D393 /* LandingButtonView.swift */,
			);
			path = Custom;
			sourceTree = "<group>";
		};
		268457B022D6196800A6D393 /* Present */ = {
			isa = PBXGroup;
			children = (
				268457B122D619AD00A6D393 /* LandingPresenter.swift */,
			);
			path = Present;
			sourceTree = "<group>";
		};
		3B5E8EB7E64D5CFF7F8D7067 /* Pods */ = {
			isa = PBXGroup;
			children = (
				287007D8BDBAE2ED436EB5E4 /* Pods-HackatonCarsharing.debug.xcconfig */,
				5CBB9F54CB3254698DA9EC88 /* Pods-HackatonCarsharing.release.xcconfig */,
				6626FB411437FA6131ED9421 /* Pods-HackatonCarsharingTests.debug.xcconfig */,
				9A908E9DB33A95498E01F21D /* Pods-HackatonCarsharingTests.release.xcconfig */,
				8AA40848D81FCF558DEDFF11 /* Pods-HackatonCarsharingUITests.debug.xcconfig */,
				2BC2AF93AF613DA6E2548E1F /* Pods-HackatonCarsharingUITests.release.xcconfig */,
			);
			path = Pods;
			sourceTree = "<group>";
		};
		4E6E489022D4A45100D3185F = {
			isa = PBXGroup;
			children = (
				4E6E489B22D4A45100D3185F /* HackatonCarsharing */,
				4E6E48B022D4A45200D3185F /* HackatonCarsharingTests */,
				4E6E48BB22D4A45200D3185F /* HackatonCarsharingUITests */,
				4E6E489A22D4A45100D3185F /* Products */,
				3B5E8EB7E64D5CFF7F8D7067 /* Pods */,
				529339E47E5E31B39196D254 /* Frameworks */,
			);
			sourceTree = "<group>";
		};
		4E6E489A22D4A45100D3185F /* Products */ = {
			isa = PBXGroup;
			children = (
				4E6E489922D4A45100D3185F /* HackatonCarsharing.app */,
				4E6E48AD22D4A45200D3185F /* HackatonCarsharingTests.xctest */,
				4E6E48B822D4A45200D3185F /* HackatonCarsharingUITests.xctest */,
			);
			name = Products;
			sourceTree = "<group>";
		};
		4E6E489B22D4A45100D3185F /* HackatonCarsharing */ = {
			isa = PBXGroup;
			children = (
				4EC2F90022D5D19D00128222 /* UIComponents */,
				4ECADF5922D4E3FB005E8E89 /* Assembler */,
				4ECADF5522D4B42C005E8E89 /* Requests */,
				4ECADF5222D4AC5C005E8E89 /* Extensions */,
				4ECADF4F22D4AA24005E8E89 /* Domain */,
				4E6E48CA22D4A59200D3185F /* APIRequest */,
				268457A622D4D1B900A6D393 /* Screens */,
				4E6E489C22D4A45100D3185F /* AppDelegate.swift */,
				4E6E48A322D4A45200D3185F /* Assets.xcassets */,
				4E6E489E22D4A45100D3185F /* ViewController.swift */,
				4E6E48A022D4A45100D3185F /* Main.storyboard */,
				4E6E48A522D4A45200D3185F /* LaunchScreen.storyboard */,
				4E6E48A822D4A45200D3185F /* Info.plist */,
			);
			path = HackatonCarsharing;
			sourceTree = "<group>";
		};
		4E6E48B022D4A45200D3185F /* HackatonCarsharingTests */ = {
			isa = PBXGroup;
			children = (
				4E6E48B122D4A45200D3185F /* HackatonCarsharingTests.swift */,
				4E6E48B322D4A45200D3185F /* Info.plist */,
			);
			path = HackatonCarsharingTests;
			sourceTree = "<group>";
		};
		4E6E48BB22D4A45200D3185F /* HackatonCarsharingUITests */ = {
			isa = PBXGroup;
			children = (
				4E6E48BC22D4A45200D3185F /* HackatonCarsharingUITests.swift */,
				4E6E48BE22D4A45200D3185F /* Info.plist */,
			);
			path = HackatonCarsharingUITests;
			sourceTree = "<group>";
		};
		4E6E48CA22D4A59200D3185F /* APIRequest */ = {
			isa = PBXGroup;
			children = (
				4E6E48CB22D4A59200D3185F /* APIError.swift */,
				4E6E48CC22D4A59200D3185F /* APISession.swift */,
				4E6E48CD22D4A59200D3185F /* APIRequest.swift */,
			);
			path = APIRequest;
			sourceTree = "<group>";
		};
		4EC2F90022D5D19D00128222 /* UIComponents */ = {
			isa = PBXGroup;
			children = (
				4EC2F90322D5E72B00128222 /* DropdownCustomTextField.swift */,
				4EC2F90122D5D31C00128222 /* CustomTextField.swift */,
				268457AC22D5F5C200A6D393 /* CustomButton.swift */,
				7DA36B3722D61DFB005A1BCE /* RoundedShadowedView.swift */,
				268457B522D6202700A6D393 /* SpinnerView.swift */,
			);
			path = UIComponents;
			sourceTree = "<group>";
		};
		4ECADF4F22D4AA24005E8E89 /* Domain */ = {
			isa = PBXGroup;
			children = (
				4ECADF5022D4AA3B005E8E89 /* Trip.swift */,
				7DA36B3122D5FE7F005A1BCE /* Trips.swift */,
			);
			path = Domain;
			sourceTree = "<group>";
		};
		4ECADF5222D4AC5C005E8E89 /* Extensions */ = {
			isa = PBXGroup;
			children = (
				7DA36B1D22D540CA005A1BCE /* String+Custom.swift */,
				4ECADF5322D4AC7C005E8E89 /* DateFormatter+TripFormatter.swift */,
				268457AA22D5E08400A6D393 /* UINavigationController+NavBar.swift */,
				268457AE22D6027E00A6D393 /* UIColor+Custom.swift */,
				4EC2F90722D62AC700128222 /* UIViewController+Loader.swift */,
			);
			path = Extensions;
			sourceTree = "<group>";
		};
		4ECADF5522D4B42C005E8E89 /* Requests */ = {
			isa = PBXGroup;
			children = (
				4EC2F90522D6005300128222 /* CreateTripsRequest.swift */,
				4ECADF5622D4B45A005E8E89 /* GetTripsRequest.swift */,
				7DA36B3B22D630D5005A1BCE /* BookTripRequest.swift */,
			);
			path = Requests;
			sourceTree = "<group>";
		};
		4ECADF5922D4E3FB005E8E89 /* Assembler */ = {
			isa = PBXGroup;
			children = (
				4ECADF5A22D4E40F005E8E89 /* Assembler.swift */,
				4ECADF5C22D4E457005E8E89 /* Assembler+ProvideLanding.swift */,
				7DA36B2522D5D8D5005A1BCE /* Assembler+ProvideTripsList.swift */,
				4ECADF6722D4E65F005E8E89 /* Assembler+ProvideCreateTicket.swift */,
				7DA36B1A22D53B0D005A1BCE /* Assembler+ProvideConfirmation.swift */,
			);
			path = Assembler;
			sourceTree = "<group>";
		};
		4ECADF5E22D4E54D005E8E89 /* CreateTrip */ = {
			isa = PBXGroup;
			children = (
				4ECADF6022D4E565005E8E89 /* Presenter */,
				4ECADF5F22D4E560005E8E89 /* View */,
			);
			path = CreateTrip;
			sourceTree = "<group>";
		};
		4ECADF5F22D4E560005E8E89 /* View */ = {
			isa = PBXGroup;
			children = (
				4ECADF6122D4E58A005E8E89 /* CreateTicketViewController.swift */,
				4ECADF6222D4E58A005E8E89 /* CreateTicketViewController.xib */,
			);
			path = View;
			sourceTree = "<group>";
		};
		4ECADF6022D4E565005E8E89 /* Presenter */ = {
			isa = PBXGroup;
			children = (
				4ECADF6522D4E5CA005E8E89 /* CreateTicketPresenter.swift */,
			);
			path = Presenter;
			sourceTree = "<group>";
		};
		529339E47E5E31B39196D254 /* Frameworks */ = {
			isa = PBXGroup;
			children = (
				B9416F1EA6F3512B780815DB /* Pods_HackatonCarsharing.framework */,
				55B20044025E838B5CD4D383 /* Pods_HackatonCarsharingTests.framework */,
				531FB29B597C71F1120552F1 /* Pods_HackatonCarsharingUITests.framework */,
			);
			name = Frameworks;
			sourceTree = "<group>";
		};
		7DA36B1122D4D052005A1BCE /* Confirmation */ = {
			isa = PBXGroup;
			children = (
				7DA36B3422D60673005A1BCE /* View */,
				7DA36B3322D60664005A1BCE /* Presenter */,
			);
			path = Confirmation;
			sourceTree = "<group>";
		};
		7DA36B2022D5D8A6005A1BCE /* TripsList */ = {
			isa = PBXGroup;
			children = (
				7DA36B3622D60937005A1BCE /* Presenter */,
				7DA36B3522D60920005A1BCE /* View */,
			);
			path = TripsList;
			sourceTree = "<group>";
		};
		7DA36B2722D5D94F005A1BCE /* Cells */ = {
			isa = PBXGroup;
			children = (
				7DA36B2822D5D961005A1BCE /* TripCell.swift */,
				7DA36B2922D5D961005A1BCE /* TripCell.xib */,
			);
			path = Cells;
			sourceTree = "<group>";
		};
		7DA36B2C22D5DC8C005A1BCE /* CustomViews */ = {
			isa = PBXGroup;
			children = (
				7DA36B2D22D5DCA6005A1BCE /* AttributeView.swift */,
			);
			path = CustomViews;
			sourceTree = "<group>";
		};
		7DA36B3322D60664005A1BCE /* Presenter */ = {
			isa = PBXGroup;
			children = (
				7DA36B1622D4D1F3005A1BCE /* ConfirmationPresenter.swift */,
				7DA36B1822D5349D005A1BCE /* ConfirmationPresenterProtocol.swift */,
			);
			path = Presenter;
			sourceTree = "<group>";
		};
		7DA36B3422D60673005A1BCE /* View */ = {
			isa = PBXGroup;
			children = (
				7DA36B1222D4D06F005A1BCE /* ConfirmationViewController.xib */,
				7DA36B1422D4D1B9005A1BCE /* ConfirmationViewController.swift */,
			);
			path = View;
			sourceTree = "<group>";
		};
		7DA36B3522D60920005A1BCE /* View */ = {
			isa = PBXGroup;
			children = (
				7DA36B2222D5D8C0005A1BCE /* ListTripsViewController.xib */,
				7DA36B2122D5D8C0005A1BCE /* ListTripsViewController.swift */,
				7DA36B2C22D5DC8C005A1BCE /* CustomViews */,
				7DA36B2722D5D94F005A1BCE /* Cells */,
			);
			path = View;
			sourceTree = "<group>";
		};
		7DA36B3622D60937005A1BCE /* Presenter */ = {
			isa = PBXGroup;
			children = (
				7DA36B2F22D5DFCC005A1BCE /* TripsListPresenter.swift */,
			);
			path = Presenter;
			sourceTree = "<group>";
		};
/* End PBXGroup section */

/* Begin PBXNativeTarget section */
		4E6E489822D4A45100D3185F /* HackatonCarsharing */ = {
			isa = PBXNativeTarget;
			buildConfigurationList = 4E6E48C122D4A45200D3185F /* Build configuration list for PBXNativeTarget "HackatonCarsharing" */;
			buildPhases = (
				9EDC563801A4CAE61DE1B5A1 /* [CP] Check Pods Manifest.lock */,
				4E6E489522D4A45100D3185F /* Sources */,
				4E6E489622D4A45100D3185F /* Frameworks */,
				4E6E489722D4A45100D3185F /* Resources */,
				E22C46A914BF4106D3D0CA62 /* [CP] Embed Pods Frameworks */,
			);
			buildRules = (
			);
			dependencies = (
			);
			name = HackatonCarsharing;
			productName = HackatonCarsharing;
			productReference = 4E6E489922D4A45100D3185F /* HackatonCarsharing.app */;
			productType = "com.apple.product-type.application";
		};
		4E6E48AC22D4A45200D3185F /* HackatonCarsharingTests */ = {
			isa = PBXNativeTarget;
			buildConfigurationList = 4E6E48C422D4A45200D3185F /* Build configuration list for PBXNativeTarget "HackatonCarsharingTests" */;
			buildPhases = (
				D7F749830DBD67D373E2851B /* [CP] Check Pods Manifest.lock */,
				4E6E48A922D4A45200D3185F /* Sources */,
				4E6E48AA22D4A45200D3185F /* Frameworks */,
				4E6E48AB22D4A45200D3185F /* Resources */,
			);
			buildRules = (
			);
			dependencies = (
				4E6E48AF22D4A45200D3185F /* PBXTargetDependency */,
			);
			name = HackatonCarsharingTests;
			productName = HackatonCarsharingTests;
			productReference = 4E6E48AD22D4A45200D3185F /* HackatonCarsharingTests.xctest */;
			productType = "com.apple.product-type.bundle.unit-test";
		};
		4E6E48B722D4A45200D3185F /* HackatonCarsharingUITests */ = {
			isa = PBXNativeTarget;
			buildConfigurationList = 4E6E48C722D4A45200D3185F /* Build configuration list for PBXNativeTarget "HackatonCarsharingUITests" */;
			buildPhases = (
				363E3AEB87DF396DD402118A /* [CP] Check Pods Manifest.lock */,
				4E6E48B422D4A45200D3185F /* Sources */,
				4E6E48B522D4A45200D3185F /* Frameworks */,
				4E6E48B622D4A45200D3185F /* Resources */,
			);
			buildRules = (
			);
			dependencies = (
				4E6E48BA22D4A45200D3185F /* PBXTargetDependency */,
			);
			name = HackatonCarsharingUITests;
			productName = HackatonCarsharingUITests;
			productReference = 4E6E48B822D4A45200D3185F /* HackatonCarsharingUITests.xctest */;
			productType = "com.apple.product-type.bundle.ui-testing";
		};
/* End PBXNativeTarget section */

/* Begin PBXProject section */
		4E6E489122D4A45100D3185F /* Project object */ = {
			isa = PBXProject;
			attributes = {
				LastSwiftUpdateCheck = 1010;
				LastUpgradeCheck = 1010;
				ORGANIZATIONNAME = pruebas;
				TargetAttributes = {
					4E6E489822D4A45100D3185F = {
						CreatedOnToolsVersion = 10.1;
					};
					4E6E48AC22D4A45200D3185F = {
						CreatedOnToolsVersion = 10.1;
						TestTargetID = 4E6E489822D4A45100D3185F;
					};
					4E6E48B722D4A45200D3185F = {
						CreatedOnToolsVersion = 10.1;
						TestTargetID = 4E6E489822D4A45100D3185F;
					};
				};
			};
			buildConfigurationList = 4E6E489422D4A45100D3185F /* Build configuration list for PBXProject "HackatonCarsharing" */;
			compatibilityVersion = "Xcode 9.3";
			developmentRegion = en;
			hasScannedForEncodings = 0;
			knownRegions = (
				en,
				Base,
			);
			mainGroup = 4E6E489022D4A45100D3185F;
			productRefGroup = 4E6E489A22D4A45100D3185F /* Products */;
			projectDirPath = "";
			projectRoot = "";
			targets = (
				4E6E489822D4A45100D3185F /* HackatonCarsharing */,
				4E6E48AC22D4A45200D3185F /* HackatonCarsharingTests */,
				4E6E48B722D4A45200D3185F /* HackatonCarsharingUITests */,
			);
		};
/* End PBXProject section */

/* Begin PBXResourcesBuildPhase section */
		4E6E489722D4A45100D3185F /* Resources */ = {
			isa = PBXResourcesBuildPhase;
			buildActionMask = 2147483647;
			files = (
				7DA36B2B22D5D961005A1BCE /* TripCell.xib in Resources */,
				4E6E48A722D4A45200D3185F /* LaunchScreen.storyboard in Resources */,
				7DA36B2422D5D8C0005A1BCE /* ListTripsViewController.xib in Resources */,
				4ECADF6422D4E58A005E8E89 /* CreateTicketViewController.xib in Resources */,
				4E6E48A422D4A45200D3185F /* Assets.xcassets in Resources */,
				268457A422D4C86300A6D393 /* LandingViewController.xib in Resources */,
				7DA36B1322D4D06F005A1BCE /* ConfirmationViewController.xib in Resources */,
				4E6E48A222D4A45100D3185F /* Main.storyboard in Resources */,
			);
			runOnlyForDeploymentPostprocessing = 0;
		};
		4E6E48AB22D4A45200D3185F /* Resources */ = {
			isa = PBXResourcesBuildPhase;
			buildActionMask = 2147483647;
			files = (
			);
			runOnlyForDeploymentPostprocessing = 0;
		};
		4E6E48B622D4A45200D3185F /* Resources */ = {
			isa = PBXResourcesBuildPhase;
			buildActionMask = 2147483647;
			files = (
			);
			runOnlyForDeploymentPostprocessing = 0;
		};
/* End PBXResourcesBuildPhase section */

/* Begin PBXShellScriptBuildPhase section */
		363E3AEB87DF396DD402118A /* [CP] Check Pods Manifest.lock */ = {
			isa = PBXShellScriptBuildPhase;
			buildActionMask = 2147483647;
			files = (
			);
			inputFileListPaths = (
			);
			inputPaths = (
				"${PODS_PODFILE_DIR_PATH}/Podfile.lock",
				"${PODS_ROOT}/Manifest.lock",
			);
			name = "[CP] Check Pods Manifest.lock";
			outputFileListPaths = (
			);
			outputPaths = (
				"$(DERIVED_FILE_DIR)/Pods-HackatonCarsharingUITests-checkManifestLockResult.txt",
			);
			runOnlyForDeploymentPostprocessing = 0;
			shellPath = /bin/sh;
			shellScript = "diff \"${PODS_PODFILE_DIR_PATH}/Podfile.lock\" \"${PODS_ROOT}/Manifest.lock\" > /dev/null\nif [ $? != 0 ] ; then\n    # print error to STDERR\n    echo \"error: The sandbox is not in sync with the Podfile.lock. Run 'pod install' or update your CocoaPods installation.\" >&2\n    exit 1\nfi\n# This output is used by Xcode 'outputs' to avoid re-running this script phase.\necho \"SUCCESS\" > \"${SCRIPT_OUTPUT_FILE_0}\"\n";
			showEnvVarsInLog = 0;
		};
		9EDC563801A4CAE61DE1B5A1 /* [CP] Check Pods Manifest.lock */ = {
			isa = PBXShellScriptBuildPhase;
			buildActionMask = 2147483647;
			files = (
			);
			inputFileListPaths = (
			);
			inputPaths = (
				"${PODS_PODFILE_DIR_PATH}/Podfile.lock",
				"${PODS_ROOT}/Manifest.lock",
			);
			name = "[CP] Check Pods Manifest.lock";
			outputFileListPaths = (
			);
			outputPaths = (
				"$(DERIVED_FILE_DIR)/Pods-HackatonCarsharing-checkManifestLockResult.txt",
			);
			runOnlyForDeploymentPostprocessing = 0;
			shellPath = /bin/sh;
			shellScript = "diff \"${PODS_PODFILE_DIR_PATH}/Podfile.lock\" \"${PODS_ROOT}/Manifest.lock\" > /dev/null\nif [ $? != 0 ] ; then\n    # print error to STDERR\n    echo \"error: The sandbox is not in sync with the Podfile.lock. Run 'pod install' or update your CocoaPods installation.\" >&2\n    exit 1\nfi\n# This output is used by Xcode 'outputs' to avoid re-running this script phase.\necho \"SUCCESS\" > \"${SCRIPT_OUTPUT_FILE_0}\"\n";
			showEnvVarsInLog = 0;
		};
		D7F749830DBD67D373E2851B /* [CP] Check Pods Manifest.lock */ = {
			isa = PBXShellScriptBuildPhase;
			buildActionMask = 2147483647;
			files = (
			);
			inputFileListPaths = (
			);
			inputPaths = (
				"${PODS_PODFILE_DIR_PATH}/Podfile.lock",
				"${PODS_ROOT}/Manifest.lock",
			);
			name = "[CP] Check Pods Manifest.lock";
			outputFileListPaths = (
			);
			outputPaths = (
				"$(DERIVED_FILE_DIR)/Pods-HackatonCarsharingTests-checkManifestLockResult.txt",
			);
			runOnlyForDeploymentPostprocessing = 0;
			shellPath = /bin/sh;
			shellScript = "diff \"${PODS_PODFILE_DIR_PATH}/Podfile.lock\" \"${PODS_ROOT}/Manifest.lock\" > /dev/null\nif [ $? != 0 ] ; then\n    # print error to STDERR\n    echo \"error: The sandbox is not in sync with the Podfile.lock. Run 'pod install' or update your CocoaPods installation.\" >&2\n    exit 1\nfi\n# This output is used by Xcode 'outputs' to avoid re-running this script phase.\necho \"SUCCESS\" > \"${SCRIPT_OUTPUT_FILE_0}\"\n";
			showEnvVarsInLog = 0;
		};
		E22C46A914BF4106D3D0CA62 /* [CP] Embed Pods Frameworks */ = {
			isa = PBXShellScriptBuildPhase;
			buildActionMask = 2147483647;
			files = (
			);
			inputFileListPaths = (
				"${PODS_ROOT}/Target Support Files/Pods-HackatonCarsharing/Pods-HackatonCarsharing-frameworks-${CONFIGURATION}-input-files.xcfilelist",
			);
			name = "[CP] Embed Pods Frameworks";
			outputFileListPaths = (
				"${PODS_ROOT}/Target Support Files/Pods-HackatonCarsharing/Pods-HackatonCarsharing-frameworks-${CONFIGURATION}-output-files.xcfilelist",
			);
			runOnlyForDeploymentPostprocessing = 0;
			shellPath = /bin/sh;
			shellScript = "\"${PODS_ROOT}/Target Support Files/Pods-HackatonCarsharing/Pods-HackatonCarsharing-frameworks.sh\"\n";
			showEnvVarsInLog = 0;
		};
/* End PBXShellScriptBuildPhase section */

/* Begin PBXSourcesBuildPhase section */
		4E6E489522D4A45100D3185F /* Sources */ = {
			isa = PBXSourcesBuildPhase;
			buildActionMask = 2147483647;
			files = (
				4ECADF5122D4AA3B005E8E89 /* Trip.swift in Sources */,
				7DA36B2322D5D8C0005A1BCE /* ListTripsViewController.swift in Sources */,
				7DA36B2622D5D8D5005A1BCE /* Assembler+ProvideTripsList.swift in Sources */,
				268457AD22D5F5C200A6D393 /* CustomButton.swift in Sources */,
				268457B222D619AD00A6D393 /* LandingPresenter.swift in Sources */,
				4E6E489F22D4A45100D3185F /* ViewController.swift in Sources */,
				4ECADF6622D4E5CA005E8E89 /* CreateTicketPresenter.swift in Sources */,
				268457A822D4D52800A6D393 /* LandingButtonView.swift in Sources */,
				268457B622D6202700A6D393 /* SpinnerView.swift in Sources */,
				4ECADF5B22D4E40F005E8E89 /* Assembler.swift in Sources */,
				4EC2F90822D62AC700128222 /* UIViewController+Loader.swift in Sources */,
				268457A322D4C86300A6D393 /* LandingViewController.swift in Sources */,
				7DA36B2A22D5D961005A1BCE /* TripCell.swift in Sources */,
				4ECADF6322D4E58A005E8E89 /* CreateTicketViewController.swift in Sources */,
				4E6E48CF22D4A59200D3185F /* APISession.swift in Sources */,
				7DA36B3822D61DFB005A1BCE /* RoundedShadowedView.swift in Sources */,
				4ECADF5722D4B45A005E8E89 /* GetTripsRequest.swift in Sources */,
				7DA36B3022D5DFCC005A1BCE /* TripsListPresenter.swift in Sources */,
				7DA36B3222D5FE7F005A1BCE /* Trips.swift in Sources */,
				4EC2F90622D6005300128222 /* CreateTripsRequest.swift in Sources */,
				7DA36B3C22D630D5005A1BCE /* BookTripRequest.swift in Sources */,
				268457AB22D5E08400A6D393 /* UINavigationController+NavBar.swift in Sources */,
				4EC2F90422D5E72C00128222 /* DropdownCustomTextField.swift in Sources */,
				7DA36B1B22D53B0D005A1BCE /* Assembler+ProvideConfirmation.swift in Sources */,
				7DA36B1722D4D1F3005A1BCE /* ConfirmationPresenter.swift in Sources */,
				4E6E489D22D4A45100D3185F /* AppDelegate.swift in Sources */,
				7DA36B2E22D5DCA6005A1BCE /* AttributeView.swift in Sources */,
				4ECADF5D22D4E457005E8E89 /* Assembler+ProvideLanding.swift in Sources */,
				7DA36B1522D4D1B9005A1BCE /* ConfirmationViewController.swift in Sources */,
				4E6E48D022D4A59200D3185F /* APIRequest.swift in Sources */,
				4ECADF5422D4AC7C005E8E89 /* DateFormatter+TripFormatter.swift in Sources */,
				4ECADF6822D4E65F005E8E89 /* Assembler+ProvideCreateTicket.swift in Sources */,
				4E6E48CE22D4A59200D3185F /* APIError.swift in Sources */,
				268457AF22D6027E00A6D393 /* UIColor+Custom.swift in Sources */,
				4EC2F90222D5D31C00128222 /* CustomTextField.swift in Sources */,
				7DA36B1E22D540CA005A1BCE /* String+Custom.swift in Sources */,
				7DA36B1922D5349D005A1BCE /* ConfirmationPresenterProtocol.swift in Sources */,
			);
			runOnlyForDeploymentPostprocessing = 0;
		};
		4E6E48A922D4A45200D3185F /* Sources */ = {
			isa = PBXSourcesBuildPhase;
			buildActionMask = 2147483647;
			files = (
				4E6E48B222D4A45200D3185F /* HackatonCarsharingTests.swift in Sources */,
			);
			runOnlyForDeploymentPostprocessing = 0;
		};
		4E6E48B422D4A45200D3185F /* Sources */ = {
			isa = PBXSourcesBuildPhase;
			buildActionMask = 2147483647;
			files = (
				4E6E48BD22D4A45200D3185F /* HackatonCarsharingUITests.swift in Sources */,
			);
			runOnlyForDeploymentPostprocessing = 0;
		};
/* End PBXSourcesBuildPhase section */

/* Begin PBXTargetDependency section */
		4E6E48AF22D4A45200D3185F /* PBXTargetDependency */ = {
			isa = PBXTargetDependency;
			target = 4E6E489822D4A45100D3185F /* HackatonCarsharing */;
			targetProxy = 4E6E48AE22D4A45200D3185F /* PBXContainerItemProxy */;
		};
		4E6E48BA22D4A45200D3185F /* PBXTargetDependency */ = {
			isa = PBXTargetDependency;
			target = 4E6E489822D4A45100D3185F /* HackatonCarsharing */;
			targetProxy = 4E6E48B922D4A45200D3185F /* PBXContainerItemProxy */;
		};
/* End PBXTargetDependency section */

/* Begin PBXVariantGroup section */
		4E6E48A022D4A45100D3185F /* Main.storyboard */ = {
			isa = PBXVariantGroup;
			children = (
				4E6E48A122D4A45100D3185F /* Base */,
			);
			name = Main.storyboard;
			sourceTree = "<group>";
		};
		4E6E48A522D4A45200D3185F /* LaunchScreen.storyboard */ = {
			isa = PBXVariantGroup;
			children = (
				4E6E48A622D4A45200D3185F /* Base */,
			);
			name = LaunchScreen.storyboard;
			sourceTree = "<group>";
		};
/* End PBXVariantGroup section */

/* Begin XCBuildConfiguration section */
		4E6E48BF22D4A45200D3185F /* Debug */ = {
			isa = XCBuildConfiguration;
			buildSettings = {
				ALWAYS_SEARCH_USER_PATHS = NO;
				CLANG_ANALYZER_NONNULL = YES;
				CLANG_ANALYZER_NUMBER_OBJECT_CONVERSION = YES_AGGRESSIVE;
				CLANG_CXX_LANGUAGE_STANDARD = "gnu++14";
				CLANG_CXX_LIBRARY = "libc++";
				CLANG_ENABLE_MODULES = YES;
				CLANG_ENABLE_OBJC_ARC = YES;
				CLANG_ENABLE_OBJC_WEAK = YES;
				CLANG_WARN_BLOCK_CAPTURE_AUTORELEASING = YES;
				CLANG_WARN_BOOL_CONVERSION = YES;
				CLANG_WARN_COMMA = YES;
				CLANG_WARN_CONSTANT_CONVERSION = YES;
				CLANG_WARN_DEPRECATED_OBJC_IMPLEMENTATIONS = YES;
				CLANG_WARN_DIRECT_OBJC_ISA_USAGE = YES_ERROR;
				CLANG_WARN_DOCUMENTATION_COMMENTS = YES;
				CLANG_WARN_EMPTY_BODY = YES;
				CLANG_WARN_ENUM_CONVERSION = YES;
				CLANG_WARN_INFINITE_RECURSION = YES;
				CLANG_WARN_INT_CONVERSION = YES;
				CLANG_WARN_NON_LITERAL_NULL_CONVERSION = YES;
				CLANG_WARN_OBJC_IMPLICIT_RETAIN_SELF = YES;
				CLANG_WARN_OBJC_LITERAL_CONVERSION = YES;
				CLANG_WARN_OBJC_ROOT_CLASS = YES_ERROR;
				CLANG_WARN_RANGE_LOOP_ANALYSIS = YES;
				CLANG_WARN_STRICT_PROTOTYPES = YES;
				CLANG_WARN_SUSPICIOUS_MOVE = YES;
				CLANG_WARN_UNGUARDED_AVAILABILITY = YES_AGGRESSIVE;
				CLANG_WARN_UNREACHABLE_CODE = YES;
				CLANG_WARN__DUPLICATE_METHOD_MATCH = YES;
				CODE_SIGN_IDENTITY = "iPhone Developer";
				COPY_PHASE_STRIP = NO;
				DEBUG_INFORMATION_FORMAT = dwarf;
				ENABLE_STRICT_OBJC_MSGSEND = YES;
				ENABLE_TESTABILITY = YES;
				GCC_C_LANGUAGE_STANDARD = gnu11;
				GCC_DYNAMIC_NO_PIC = NO;
				GCC_NO_COMMON_BLOCKS = YES;
				GCC_OPTIMIZATION_LEVEL = 0;
				GCC_PREPROCESSOR_DEFINITIONS = (
					"DEBUG=1",
					"$(inherited)",
				);
				GCC_WARN_64_TO_32_BIT_CONVERSION = YES;
				GCC_WARN_ABOUT_RETURN_TYPE = YES_ERROR;
				GCC_WARN_UNDECLARED_SELECTOR = YES;
				GCC_WARN_UNINITIALIZED_AUTOS = YES_AGGRESSIVE;
				GCC_WARN_UNUSED_FUNCTION = YES;
				GCC_WARN_UNUSED_VARIABLE = YES;
				IPHONEOS_DEPLOYMENT_TARGET = 12.1;
				MTL_ENABLE_DEBUG_INFO = INCLUDE_SOURCE;
				MTL_FAST_MATH = YES;
				ONLY_ACTIVE_ARCH = YES;
				SDKROOT = iphoneos;
				SWIFT_ACTIVE_COMPILATION_CONDITIONS = DEBUG;
				SWIFT_OPTIMIZATION_LEVEL = "-Onone";
			};
			name = Debug;
		};
		4E6E48C022D4A45200D3185F /* Release */ = {
			isa = XCBuildConfiguration;
			buildSettings = {
				ALWAYS_SEARCH_USER_PATHS = NO;
				CLANG_ANALYZER_NONNULL = YES;
				CLANG_ANALYZER_NUMBER_OBJECT_CONVERSION = YES_AGGRESSIVE;
				CLANG_CXX_LANGUAGE_STANDARD = "gnu++14";
				CLANG_CXX_LIBRARY = "libc++";
				CLANG_ENABLE_MODULES = YES;
				CLANG_ENABLE_OBJC_ARC = YES;
				CLANG_ENABLE_OBJC_WEAK = YES;
				CLANG_WARN_BLOCK_CAPTURE_AUTORELEASING = YES;
				CLANG_WARN_BOOL_CONVERSION = YES;
				CLANG_WARN_COMMA = YES;
				CLANG_WARN_CONSTANT_CONVERSION = YES;
				CLANG_WARN_DEPRECATED_OBJC_IMPLEMENTATIONS = YES;
				CLANG_WARN_DIRECT_OBJC_ISA_USAGE = YES_ERROR;
				CLANG_WARN_DOCUMENTATION_COMMENTS = YES;
				CLANG_WARN_EMPTY_BODY = YES;
				CLANG_WARN_ENUM_CONVERSION = YES;
				CLANG_WARN_INFINITE_RECURSION = YES;
				CLANG_WARN_INT_CONVERSION = YES;
				CLANG_WARN_NON_LITERAL_NULL_CONVERSION = YES;
				CLANG_WARN_OBJC_IMPLICIT_RETAIN_SELF = YES;
				CLANG_WARN_OBJC_LITERAL_CONVERSION = YES;
				CLANG_WARN_OBJC_ROOT_CLASS = YES_ERROR;
				CLANG_WARN_RANGE_LOOP_ANALYSIS = YES;
				CLANG_WARN_STRICT_PROTOTYPES = YES;
				CLANG_WARN_SUSPICIOUS_MOVE = YES;
				CLANG_WARN_UNGUARDED_AVAILABILITY = YES_AGGRESSIVE;
				CLANG_WARN_UNREACHABLE_CODE = YES;
				CLANG_WARN__DUPLICATE_METHOD_MATCH = YES;
				CODE_SIGN_IDENTITY = "iPhone Developer";
				COPY_PHASE_STRIP = NO;
				DEBUG_INFORMATION_FORMAT = "dwarf-with-dsym";
				ENABLE_NS_ASSERTIONS = NO;
				ENABLE_STRICT_OBJC_MSGSEND = YES;
				GCC_C_LANGUAGE_STANDARD = gnu11;
				GCC_NO_COMMON_BLOCKS = YES;
				GCC_WARN_64_TO_32_BIT_CONVERSION = YES;
				GCC_WARN_ABOUT_RETURN_TYPE = YES_ERROR;
				GCC_WARN_UNDECLARED_SELECTOR = YES;
				GCC_WARN_UNINITIALIZED_AUTOS = YES_AGGRESSIVE;
				GCC_WARN_UNUSED_FUNCTION = YES;
				GCC_WARN_UNUSED_VARIABLE = YES;
				IPHONEOS_DEPLOYMENT_TARGET = 12.1;
				MTL_ENABLE_DEBUG_INFO = NO;
				MTL_FAST_MATH = YES;
				SDKROOT = iphoneos;
				SWIFT_COMPILATION_MODE = wholemodule;
				SWIFT_OPTIMIZATION_LEVEL = "-O";
				VALIDATE_PRODUCT = YES;
			};
			name = Release;
		};
		4E6E48C222D4A45200D3185F /* Debug */ = {
			isa = XCBuildConfiguration;
			baseConfigurationReference = 287007D8BDBAE2ED436EB5E4 /* Pods-HackatonCarsharing.debug.xcconfig */;
			buildSettings = {
				ASSETCATALOG_COMPILER_APPICON_NAME = AppIcon;
				CODE_SIGN_STYLE = Automatic;
				DEVELOPMENT_TEAM = ZAS7CST4MJ;
				INFOPLIST_FILE = HackatonCarsharing/Info.plist;
				IPHONEOS_DEPLOYMENT_TARGET = 11.0;
				LD_RUNPATH_SEARCH_PATHS = (
					"$(inherited)",
					"@executable_path/Frameworks",
				);
				PRODUCT_BUNDLE_IDENTIFIER = com.vodafone.tests.alberto.HackatonCarsharing;
				PRODUCT_NAME = "$(TARGET_NAME)";
				SWIFT_VERSION = 4.2;
				TARGETED_DEVICE_FAMILY = "1,2";
			};
			name = Debug;
		};
		4E6E48C322D4A45200D3185F /* Release */ = {
			isa = XCBuildConfiguration;
			baseConfigurationReference = 5CBB9F54CB3254698DA9EC88 /* Pods-HackatonCarsharing.release.xcconfig */;
			buildSettings = {
				ASSETCATALOG_COMPILER_APPICON_NAME = AppIcon;
				CODE_SIGN_STYLE = Automatic;
				DEVELOPMENT_TEAM = ZAS7CST4MJ;
				INFOPLIST_FILE = HackatonCarsharing/Info.plist;
				IPHONEOS_DEPLOYMENT_TARGET = 11.0;
				LD_RUNPATH_SEARCH_PATHS = (
					"$(inherited)",
					"@executable_path/Frameworks",
				);
				PRODUCT_BUNDLE_IDENTIFIER = com.vodafone.tests.alberto.HackatonCarsharing;
				PRODUCT_NAME = "$(TARGET_NAME)";
				SWIFT_VERSION = 4.2;
				TARGETED_DEVICE_FAMILY = "1,2";
			};
			name = Release;
		};
		4E6E48C522D4A45200D3185F /* Debug */ = {
			isa = XCBuildConfiguration;
			baseConfigurationReference = 6626FB411437FA6131ED9421 /* Pods-HackatonCarsharingTests.debug.xcconfig */;
			buildSettings = {
				ALWAYS_EMBED_SWIFT_STANDARD_LIBRARIES = YES;
				BUNDLE_LOADER = "$(TEST_HOST)";
				CODE_SIGN_STYLE = Automatic;
				DEVELOPMENT_TEAM = ZAS7CST4MJ;
				INFOPLIST_FILE = HackatonCarsharingTests/Info.plist;
				LD_RUNPATH_SEARCH_PATHS = (
					"$(inherited)",
					"@executable_path/Frameworks",
					"@loader_path/Frameworks",
				);
				PRODUCT_BUNDLE_IDENTIFIER = com.vodafone.tests.alberto.HackatonCarsharingTests;
				PRODUCT_NAME = "$(TARGET_NAME)";
				SWIFT_VERSION = 4.2;
				TARGETED_DEVICE_FAMILY = "1,2";
				TEST_HOST = "$(BUILT_PRODUCTS_DIR)/HackatonCarsharing.app/HackatonCarsharing";
			};
			name = Debug;
		};
		4E6E48C622D4A45200D3185F /* Release */ = {
			isa = XCBuildConfiguration;
			baseConfigurationReference = 9A908E9DB33A95498E01F21D /* Pods-HackatonCarsharingTests.release.xcconfig */;
			buildSettings = {
				ALWAYS_EMBED_SWIFT_STANDARD_LIBRARIES = YES;
				BUNDLE_LOADER = "$(TEST_HOST)";
				CODE_SIGN_STYLE = Automatic;
				DEVELOPMENT_TEAM = ZAS7CST4MJ;
				INFOPLIST_FILE = HackatonCarsharingTests/Info.plist;
				LD_RUNPATH_SEARCH_PATHS = (
					"$(inherited)",
					"@executable_path/Frameworks",
					"@loader_path/Frameworks",
				);
				PRODUCT_BUNDLE_IDENTIFIER = com.vodafone.tests.alberto.HackatonCarsharingTests;
				PRODUCT_NAME = "$(TARGET_NAME)";
				SWIFT_VERSION = 4.2;
				TARGETED_DEVICE_FAMILY = "1,2";
				TEST_HOST = "$(BUILT_PRODUCTS_DIR)/HackatonCarsharing.app/HackatonCarsharing";
			};
			name = Release;
		};
		4E6E48C822D4A45200D3185F /* Debug */ = {
			isa = XCBuildConfiguration;
			baseConfigurationReference = 8AA40848D81FCF558DEDFF11 /* Pods-HackatonCarsharingUITests.debug.xcconfig */;
			buildSettings = {
				ALWAYS_EMBED_SWIFT_STANDARD_LIBRARIES = YES;
				CODE_SIGN_STYLE = Automatic;
				DEVELOPMENT_TEAM = ZAS7CST4MJ;
				INFOPLIST_FILE = HackatonCarsharingUITests/Info.plist;
				LD_RUNPATH_SEARCH_PATHS = (
					"$(inherited)",
					"@executable_path/Frameworks",
					"@loader_path/Frameworks",
				);
				PRODUCT_BUNDLE_IDENTIFIER = com.vodafone.tests.alberto.HackatonCarsharingUITests;
				PRODUCT_NAME = "$(TARGET_NAME)";
				SWIFT_VERSION = 4.2;
				TARGETED_DEVICE_FAMILY = "1,2";
				TEST_TARGET_NAME = HackatonCarsharing;
			};
			name = Debug;
		};
		4E6E48C922D4A45200D3185F /* Release */ = {
			isa = XCBuildConfiguration;
			baseConfigurationReference = 2BC2AF93AF613DA6E2548E1F /* Pods-HackatonCarsharingUITests.release.xcconfig */;
			buildSettings = {
				ALWAYS_EMBED_SWIFT_STANDARD_LIBRARIES = YES;
				CODE_SIGN_STYLE = Automatic;
				DEVELOPMENT_TEAM = ZAS7CST4MJ;
				INFOPLIST_FILE = HackatonCarsharingUITests/Info.plist;
				LD_RUNPATH_SEARCH_PATHS = (
					"$(inherited)",
					"@executable_path/Frameworks",
					"@loader_path/Frameworks",
				);
				PRODUCT_BUNDLE_IDENTIFIER = com.vodafone.tests.alberto.HackatonCarsharingUITests;
				PRODUCT_NAME = "$(TARGET_NAME)";
				SWIFT_VERSION = 4.2;
				TARGETED_DEVICE_FAMILY = "1,2";
				TEST_TARGET_NAME = HackatonCarsharing;
			};
			name = Release;
		};
/* End XCBuildConfiguration section */

/* Begin XCConfigurationList section */
		4E6E489422D4A45100D3185F /* Build configuration list for PBXProject "HackatonCarsharing" */ = {
			isa = XCConfigurationList;
			buildConfigurations = (
				4E6E48BF22D4A45200D3185F /* Debug */,
				4E6E48C022D4A45200D3185F /* Release */,
			);
			defaultConfigurationIsVisible = 0;
			defaultConfigurationName = Release;
		};
		4E6E48C122D4A45200D3185F /* Build configuration list for PBXNativeTarget "HackatonCarsharing" */ = {
			isa = XCConfigurationList;
			buildConfigurations = (
				4E6E48C222D4A45200D3185F /* Debug */,
				4E6E48C322D4A45200D3185F /* Release */,
			);
			defaultConfigurationIsVisible = 0;
			defaultConfigurationName = Release;
		};
		4E6E48C422D4A45200D3185F /* Build configuration list for PBXNativeTarget "HackatonCarsharingTests" */ = {
			isa = XCConfigurationList;
			buildConfigurations = (
				4E6E48C522D4A45200D3185F /* Debug */,
				4E6E48C622D4A45200D3185F /* Release */,
			);
			defaultConfigurationIsVisible = 0;
			defaultConfigurationName = Release;
		};
		4E6E48C722D4A45200D3185F /* Build configuration list for PBXNativeTarget "HackatonCarsharingUITests" */ = {
			isa = XCConfigurationList;
			buildConfigurations = (
				4E6E48C822D4A45200D3185F /* Debug */,
				4E6E48C922D4A45200D3185F /* Release */,
			);
			defaultConfigurationIsVisible = 0;
			defaultConfigurationName = Release;
		};
/* End XCConfigurationList section */
	};
	rootObject = 4E6E489122D4A45100D3185F /* Project object */;
}
